
Microsoft Visual Studio Solution File, Format Version 12.00
# Visual Studio Version 16
VisualStudioVersion = 16.0.29728.190
MinimumVisualStudioVersion = 10.0.40219.1
Project("{FAE04EC0-301F-11D3-BF4B-00C04F79EFBC}") = "CoffeeShop.UI", "CoffeeShop.UI\CoffeeShop.UI.csproj", "{2413118A-460C-4C98-818B-B5237EBFAD02}"
EndProject
Project("{FAE04EC0-301F-11D3-BF4B-00C04F79EFBC}") = "CoffeeShop.Lib", "CoffeeShop.Lib\CoffeeShop.Lib.csproj", "{8C13413A-40F7-4CE9-8227-D85853D8A3E1}"
EndProject
Global
	GlobalSection(SolutionConfigurationPlatforms) = preSolution
		Debug|Any CPU = Debug|Any CPU
		Release|Any CPU = Release|Any CPU
	EndGlobalSection
	GlobalSection(ProjectConfigurationPlatforms) = postSolution
		{2413118A-460C-4C98-818B-B5237EBFAD02}.Debug|Any CPU.ActiveCfg = Debug|Any CPU
		{2413118A-460C-4C98-818B-B5237EBFAD02}.Debug|Any CPU.Build.0 = Debug|Any CPU
		{2413118A-460C-4C98-818B-B5237EBFAD02}.Release|Any CPU.ActiveCfg = Release|Any CPU
		{2413118A-460C-4C98-818B-B5237EBFAD02}.Release|Any CPU.Build.0 = Release|Any CPU
		{8C13413A-40F7-4CE9-8227-D85853D8A3E1}.Debug|Any CPU.ActiveCfg = Debug|Any CPU
		{8C13413A-40F7-4CE9-8227-D85853D8A3E1}.Debug|Any CPU.Build.0 = Debug|Any CPU
		{8C13413A-40F7-4CE9-8227-D85853D8A3E1}.Release|Any CPU.ActiveCfg = Release|Any CPU
		{8C13413A-40F7-4CE9-8227-D85853D8A3E1}.Release|Any CPU.Build.0 = Release|Any CPU
	EndGlobalSection
	GlobalSection(SolutionProperties) = preSolution
		HideSolutionNode = FALSE
	EndGlobalSection
	GlobalSection(ExtensibilityGlobals) = postSolution
		SolutionGuid = {355C487A-BFFA-445A-B0A3-4206686E8044}
	EndGlobalSection
EndGlobal
